
Microsoft Visual Studio Solution File, Format Version 12.00
# Visual Studio Version 17
Project("{FAE04EC0-301F-11D3-BF4B-00C04F79EFBC}") = "ExpenseTracker.Api", "ExpenseTracker.Api\ExpenseTracker.Api.csproj", "{A1B2C3D4-E5F6-7890-ABCD-EF1234567890}"
EndProject
Project("{FAE04EC0-301F-11D3-BF4B-00C04F79EFBC}") = "ExpenseTracker.Migrations", "ExpenseTracker.Migrations\ExpenseTracker.Migrations.csproj", "{2A8E9F10-1111-4A2B-8C3D-444455556601}"
EndProject
Project("{FAE04EC0-301F-11D3-BF4B-00C04F79EFBC}") = "ExpenseTracker.DbMigrate", "ExpenseTracker.DbMigrate\ExpenseTracker.DbMigrate.csproj", "{2A8E9F10-1111-4A2B-8C3D-444455556602}"
EndProject
Project("{FAE04EC0-301F-11D3-BF4B-00C04F79EFBC}") = "ExpenseTracker.Migrations.Tests", "ExpenseTracker.Migrations.Tests\ExpenseTracker.Migrations.Tests.csproj", "{2A8E9F10-1111-4A2B-8C3D-444455556603}"
EndProject
Global
	GlobalSection(SolutionConfigurationPlatforms) = preSolution
		Debug|Any CPU = Debug|Any CPU
		Debug|x64 = Debug|x64
		Debug|x86 = Debug|x86
		Release|Any CPU = Release|Any CPU
		Release|x64 = Release|x64
		Release|x86 = Release|x86
	EndGlobalSection
	GlobalSection(ProjectConfigurationPlatforms) = postSolution
		{A1B2C3D4-E5F6-7890-ABCD-EF1234567890}.Debug|Any CPU.ActiveCfg = Debug|Any CPU
		{A1B2C3D4-E5F6-7890-ABCD-EF1234567890}.Debug|Any CPU.Build.0 = Debug|Any CPU
		{A1B2C3D4-E5F6-7890-ABCD-EF1234567890}.Debug|x64.ActiveCfg = Debug|Any CPU
		{A1B2C3D4-E5F6-7890-ABCD-EF1234567890}.Debug|x64.Build.0 = Debug|Any CPU
		{A1B2C3D4-E5F6-7890-ABCD-EF1234567890}.Debug|x86.ActiveCfg = Debug|Any CPU
		{A1B2C3D4-E5F6-7890-ABCD-EF1234567890}.Debug|x86.Build.0 = Debug|Any CPU
		{A1B2C3D4-E5F6-7890-ABCD-EF1234567890}.Release|Any CPU.ActiveCfg = Release|Any CPU
		{A1B2C3D4-E5F6-7890-ABCD-EF1234567890}.Release|Any CPU.Build.0 = Release|Any CPU
		{A1B2C3D4-E5F6-7890-ABCD-EF1234567890}.Release|x64.ActiveCfg = Release|Any CPU
		{A1B2C3D4-E5F6-7890-ABCD-EF1234567890}.Release|x64.Build.0 = Release|Any CPU
		{A1B2C3D4-E5F6-7890-ABCD-EF1234567890}.Release|x86.ActiveCfg = Release|Any CPU
		{A1B2C3D4-E5F6-7890-ABCD-EF1234567890}.Release|x86.Build.0 = Release|Any CPU
		{2A8E9F10-1111-4A2B-8C3D-444455556601}.Debug|Any CPU.ActiveCfg = Debug|Any CPU
		{2A8E9F10-1111-4A2B-8C3D-444455556601}.Debug|Any CPU.Build.0 = Debug|Any CPU
		{2A8E9F10-1111-4A2B-8C3D-444455556601}.Debug|x64.ActiveCfg = Debug|Any CPU
		{2A8E9F10-1111-4A2B-8C3D-444455556601}.Debug|x64.Build.0 = Debug|Any CPU
		{2A8E9F10-1111-4A2B-8C3D-444455556601}.Debug|x86.ActiveCfg = Debug|Any CPU
		{2A8E9F10-1111-4A2B-8C3D-444455556601}.Debug|x86.Build.0 = Debug|Any CPU
		{2A8E9F10-1111-4A2B-8C3D-444455556601}.Release|Any CPU.ActiveCfg = Release|Any CPU
		{2A8E9F10-1111-4A2B-8C3D-444455556601}.Release|Any CPU.Build.0 = Release|Any CPU
		{2A8E9F10-1111-4A2B-8C3D-444455556601}.Release|x64.ActiveCfg = Release|Any CPU
		{2A8E9F10-1111-4A2B-8C3D-444455556601}.Release|x64.Build.0 = Release|Any CPU
		{2A8E9F10-1111-4A2B-8C3D-444455556601}.Release|x86.ActiveCfg = Release|Any CPU
		{2A8E9F10-1111-4A2B-8C3D-444455556601}.Release|x86.Build.0 = Release|Any CPU
		{2A8E9F10-1111-4A2B-8C3D-444455556602}.Debug|Any CPU.ActiveCfg = Debug|Any CPU
		{2A8E9F10-1111-4A2B-8C3D-444455556602}.Debug|Any CPU.Build.0 = Debug|Any CPU
		{2A8E9F10-1111-4A2B-8C3D-444455556602}.Debug|x64.ActiveCfg = Debug|Any CPU
		{2A8E9F10-1111-4A2B-8C3D-444455556602}.Debug|x64.Build.0 = Debug|Any CPU
		{2A8E9F10-1111-4A2B-8C3D-444455556602}.Debug|x86.ActiveCfg = Debug|Any CPU
		{2A8E9F10-1111-4A2B-8C3D-444455556602}.Debug|x86.Build.0 = Debug|Any CPU
		{2A8E9F10-1111-4A2B-8C3D-444455556602}.Release|Any CPU.ActiveCfg = Release|Any CPU
		{2A8E9F10-1111-4A2B-8C3D-444455556602}.Release|Any CPU.Build.0 = Release|Any CPU
		{2A8E9F10-1111-4A2B-8C3D-444455556602}.Release|x64.ActiveCfg = Release|Any CPU
		{2A8E9F10-1111-4A2B-8C3D-444455556602}.Release|x64.Build.0 = Release|Any CPU
		{2A8E9F10-1111-4A2B-8C3D-444455556602}.Release|x86.ActiveCfg = Release|Any CPU
		{2A8E9F10-1111-4A2B-8C3D-444455556602}.Release|x86.Build.0 = Release|Any CPU
		{2A8E9F10-1111-4A2B-8C3D-444455556603}.Debug|Any CPU.ActiveCfg = Debug|Any CPU
		{2A8E9F10-1111-4A2B-8C3D-444455556603}.Debug|Any CPU.Build.0 = Debug|Any CPU
		{2A8E9F10-1111-4A2B-8C3D-444455556603}.Debug|x64.ActiveCfg = Debug|Any CPU
		{2A8E9F10-1111-4A2B-8C3D-444455556603}.Debug|x64.Build.0 = Debug|Any CPU
		{2A8E9F10-1111-4A2B-8C3D-444455556603}.Debug|x86.ActiveCfg = Debug|Any CPU
		{2A8E9F10-1111-4A2B-8C3D-444455556603}.Debug|x86.Build.0 = Debug|Any CPU
		{2A8E9F10-1111-4A2B-8C3D-444455556603}.Release|Any CPU.ActiveCfg = Release|Any CPU
		{2A8E9F10-1111-4A2B-8C3D-444455556603}.Release|Any CPU.Build.0 = Release|Any CPU
		{2A8E9F10-1111-4A2B-8C3D-444455556603}.Release|x64.ActiveCfg = Release|Any CPU
		{2A8E9F10-1111-4A2B-8C3D-444455556603}.Release|x64.Build.0 = Release|Any CPU
		{2A8E9F10-1111-4A2B-8C3D-444455556603}.Release|x86.ActiveCfg = Release|Any CPU
		{2A8E9F10-1111-4A2B-8C3D-444455556603}.Release|x86.Build.0 = Release|Any CPU
	EndGlobalSection
	GlobalSection(SolutionProperties) = preSolution
		HideSolutionNode = FALSE
	EndGlobalSection
EndGlobal
